{
  "requires": true,
  "lockfileVersion": 1,
  "dependencies": {
    "@babel/code-frame": {
      "version": "7.18.6",
      "resolved": "http://npm.ztosys.com/@babel%2fcode-frame/-/code-frame-7.18.6.tgz",
      "integrity": "sha512-TDCmlK5eOvH+eH7cdAFlNXeVJqWIQ7gW9tY1GJIpUtFb6CmjVyq2VM3u71bOyR8CRihcCgMUYoDNyLXao3+70Q==",
      "dev": true,
      "requires": {
        "@babel/highlight": "^7.18.6"
      }
    },
    "@babel/helper-validator-identifier": {
      "version": "7.19.1",
      "resolved": "http://npm.ztosys.com/@babel%2fhelper-validator-identifier/-/helper-validator-identifier-7.19.1.tgz",
      "integrity": "sha512-awrNfaMtnHUr653GgGEs++LlAvW6w+DcPrOliSMXWCKo597CwL5Acf/wWdNkf/tfEQE3mjkeD1YOVZOUV/od1w==",
      "dev": true
    },
    "@babel/highlight": {
      "version": "7.18.6",
      "resolved": "http://npm.ztosys.com/@babel%2fhighlight/-/highlight-7.18.6.tgz",
      "integrity": "sha512-u7stbOuYjaPezCuLj29hNW1v64M2Md2qupEKP1fHc7WdOA3DgLh37suiSrZYY7haUB7iBeQZ9P1uiRF359do3g==",
      "dev": true,
      "requires": {
        "@babel/helper-validator-identifier": "^7.18.6",
        "chalk": "^2.0.0",
        "js-tokens": "^4.0.0"
      }
    },
    "@jridgewell/gen-mapping": {
      "version": "0.3.2",
      "resolved": "http://npm.ztosys.com/@jridgewell%2fgen-mapping/-/gen-mapping-0.3.2.tgz",
      "integrity": "sha512-mh65xKQAzI6iBcFzwv28KVWSmCkdRBWoOh+bYQGW3+6OZvbbN3TqMGo5hqYxQniRcH9F2VZIoJCm4pa3BPDK/A==",
      "dev": true,
      "requires": {
        "@jridgewell/set-array": "^1.0.1",
        "@jridgewell/sourcemap-codec": "^1.4.10",
        "@jridgewell/trace-mapping": "^0.3.9"
      }
    },
    "@jridgewell/resolve-uri": {
      "version": "3.1.0",
      "resolved": "http://npm.ztosys.com/@jridgewell%2fresolve-uri/-/resolve-uri-3.1.0.tgz",
      "integrity": "sha512-F2msla3tad+Mfht5cJq7LSXcdudKTWCVYUgw6pLFOOHSTtZlj6SWNYAp+AhuqLmWdBO2X5hPrLcu8cVP8fy28w==",
      "dev": true
    },
    "@jridgewell/set-array": {
      "version": "1.1.2",
      "resolved": "http://npm.ztosys.com/@jridgewell%2fset-array/-/set-array-1.1.2.tgz",
      "integrity": "sha512-xnkseuNADM0gt2bs+BvhO0p78Mk762YnZdsuzFV018NoG1Sj1SCQvpSqa7XUaTam5vAGasABV9qXASMKnFMwMw==",
      "dev": true
    },
    "@jridgewell/source-map": {
      "version": "0.3.2",
      "resolved": "http://npm.ztosys.com/@jridgewell%2fsource-map/-/source-map-0.3.2.tgz",
      "integrity": "sha512-m7O9o2uR8k2ObDysZYzdfhb08VuEml5oWGiosa1VdaPZ/A6QyPkAJuwN0Q1lhULOf6B7MtQmHENS743hWtCrgw==",
      "dev": true,
      "requires": {
        "@jridgewell/gen-mapping": "^0.3.0",
        "@jridgewell/trace-mapping": "^0.3.9"
      }
    },
    "@jridgewell/sourcemap-codec": {
      "version": "1.4.14",
      "resolved": "http://npm.ztosys.com/@jridgewell%2fsourcemap-codec/-/sourcemap-codec-1.4.14.tgz",
      "integrity": "sha512-XPSJHWmi394fuUuzDnGz1wiKqWfo1yXecHQMRf2l6hztTO+nPru658AyDngaBe7isIxEkRsPR3FZh+s7iVa4Uw==",
      "dev": true
    },
    "@jridgewell/trace-mapping": {
      "version": "0.3.17",
      "resolved": "http://npm.ztosys.com/@jridgewell%2ftrace-mapping/-/trace-mapping-0.3.17.tgz",
      "integrity": "sha512-MCNzAp77qzKca9+W/+I0+sEpaUnZoeasnghNeVc41VZCEKaCH73Vq3BZZ/SzWIgrqE4H4ceI+p+b6C0mHf9T4g==",
      "dev": true,
      "requires": {
        "@jridgewell/resolve-uri": "3.1.0",
        "@jridgewell/sourcemap-codec": "1.4.14"
      }
    },
    "@types/node": {
      "version": "18.14.6",
      "resolved": "http://npm.ztosys.com/@types%2fnode/-/node-18.14.6.tgz",
      "integrity": "sha512-93+VvleD3mXwlLI/xASjw0FzKcwzl3OdTCzm1LaRfqgS21gfFtK3zDXM5Op9TeeMsJVOaJ2VRDpT9q4Y3d0AvA==",
      "dev": true
    },
    "acorn": {
      "version": "8.8.2",
      "resolved": "http://npm.ztosys.com/acorn/-/acorn-8.8.2.tgz",
      "integrity": "sha512-xjIYgE8HBrkpd/sJqOGNspf8uHG+NOHGOw6a/Urj8taM2EXfdNAH2oFcPeIFfsv3+kz/mJrS5VuMqbNLjCa2vw==",
      "dev": true
    },
    "ansi-styles": {
      "version": "3.2.1",
      "resolved": "http://npm.ztosys.com/ansi-styles/-/ansi-styles-3.2.1.tgz",
      "integrity": "sha512-VT0ZI6kZRdTh8YyJw3SMbYm/u+NqfsAxEpWO0Pf9sq8/e94WxxOpPKx9FR1FlyCtOVDNOQ+8ntlqFxiRc+r5qA==",
      "dev": true,
      "requires": {
        "color-convert": "^1.9.0"
      }
    },
    "buffer-from": {
      "version": "1.1.2",
      "resolved": "http://npm.ztosys.com/buffer-from/-/buffer-from-1.1.2.tgz",
      "integrity": "sha1-KxRqb9cugLT1XSVfNe1Zo6mkG9U=",
      "dev": true
    },
    "chalk": {
      "version": "2.4.2",
      "resolved": "http://npm.ztosys.com/chalk/-/chalk-2.4.2.tgz",
      "integrity": "sha1-zUJUFnelQzPPVBpJEIwUMrRMlCQ=",
      "dev": true,
      "requires": {
        "ansi-styles": "^3.2.1",
        "escape-string-regexp": "^1.0.5",
        "supports-color": "^5.3.0"
      }
    },
    "color-convert": {
      "version": "1.9.3",
      "resolved": "http://npm.ztosys.com/color-convert/-/color-convert-1.9.3.tgz",
      "integrity": "sha512-QfAUtd+vFdAtFQcC8CCyYt1fYWxSqAiK2cSD6zDB8N3cpsEBAvRxp9zOGg6G/SHHJYAT88/az/IuDGALsNVbGg==",
      "dev": true,
      "requires": {
        "color-name": "1.1.3"
      }
    },
    "color-name": {
      "version": "1.1.3",
      "resolved": "http://npm.ztosys.com/color-name/-/color-name-1.1.3.tgz",
      "integrity": "sha1-p9BVi9icQveV3UIyj3QIMcpTvCU=",
      "dev": true
    },
    "commander": {
      "version": "2.20.3",
      "resolved": "http://npm.ztosys.com/commander/-/commander-2.20.3.tgz",
      "integrity": "sha1-/UhehMA+tIgcIHIrpIA16FMa6zM=",
      "dev": true
    },
    "escape-string-regexp": {
      "version": "1.0.5",
      "resolved": "http://npm.ztosys.com/escape-string-regexp/-/escape-string-regexp-1.0.5.tgz",
      "integrity": "sha1-G2HAViGQqN/2rjuyzwIAyhMLhtQ=",
      "dev": true
    },
    "fsevents": {
      "version": "2.3.2",
      "resolved": "http://npm.ztosys.com/fsevents/-/fsevents-2.3.2.tgz",
      "integrity": "sha1-ilJveLj99GI7cJ4Ll1xSwkwC/Ro=",
      "dev": true,
      "optional": true
    },
    "has-flag": {
      "version": "3.0.0",
      "resolved": "http://npm.ztosys.com/has-flag/-/has-flag-3.0.0.tgz",
      "integrity": "sha1-tdRU3CGZriJWmfNGfloH87lVuv0=",
      "dev": true
    },
    "jest-worker": {
      "version": "26.6.2",
      "resolved": "http://npm.ztosys.com/jest-worker/-/jest-worker-26.6.2.tgz",
      "integrity": "sha1-f3LLxNZDw2Xie5/XdfnQ6qnHqO0=",
      "dev": true,
      "requires": {
        "@types/node": "*",
        "merge-stream": "^2.0.0",
        "supports-color": "^7.0.0"
      },
      "dependencies": {
        "has-flag": {
          "version": "4.0.0",
          "resolved": "http://npm.ztosys.com/has-flag/-/has-flag-4.0.0.tgz",
          "integrity": "sha1-lEdx/ZyByBJlxNaUGGDaBrtZR5s=",
          "dev": true
        },
        "supports-color": {
          "version": "7.2.0",
          "resolved": "http://npm.ztosys.com/supports-color/-/supports-color-7.2.0.tgz",
          "integrity": "sha1-G33NyzK4E4gBs+R4umpRyqiWSNo=",
          "dev": true,
          "requires": {
            "has-flag": "^4.0.0"
          }
        }
      }
    },
    "js-tokens": {
      "version": "4.0.0",
      "resolved": "http://npm.ztosys.com/js-tokens/-/js-tokens-4.0.0.tgz",
      "integrity": "sha512-RdJUflcE3cUzKiMqQgsCu06FPu9UdIJO0beYbPhHN4k6apgJtifcoCtT9bcxOpYBtpD2kCM6Sbzg4CausW/PKQ==",
      "dev": true
    },
    "merge-stream": {
      "version": "2.0.0",
      "resolved": "http://npm.ztosys.com/merge-stream/-/merge-stream-2.0.0.tgz",
      "integrity": "sha1-UoI2KaFN0AyXcPtq1H3GMQ8sH2A=",
      "dev": true
    },
    "randombytes": {
      "version": "2.1.0",
      "resolved": "http://npm.ztosys.com/randombytes/-/randombytes-2.1.0.tgz",
      "integrity": "sha1-32+ENy8CcNxlzfYpE0mrekc9Tyo=",
      "dev": true,
      "requires": {
        "safe-buffer": "^5.1.0"
      }
    },
    "rollup": {
      "version": "3.18.0",
      "resolved": "http://npm.ztosys.com/rollup/-/rollup-3.18.0.tgz",
      "integrity": "sha512-J8C6VfEBjkvYPESMQYxKHxNOh4A5a3FlP+0BETGo34HEcE4eTlgCrO2+eWzlu2a/sHs2QUkZco+wscH7jhhgWg==",
      "dev": true,
      "requires": {
        "fsevents": "~2.3.2"
      }
    },
    "rollup-plugin-terser": {
      "version": "7.0.2",
      "resolved": "http://npm.ztosys.com/rollup-plugin-terser/-/rollup-plugin-terser-7.0.2.tgz",
      "integrity": "sha1-6Pu6SGmYGy3DWufopQLVxsBNMk0=",
      "dev": true,
      "requires": {
        "@babel/code-frame": "^7.10.4",
        "jest-worker": "^26.2.1",
        "serialize-javascript": "^4.0.0",
        "terser": "^5.0.0"
      }
    },
    "safe-buffer": {
      "version": "5.2.1",
      "resolved": "http://npm.ztosys.com/safe-buffer/-/safe-buffer-5.2.1.tgz",
      "integrity": "sha1-Hq+fqb2x/dTsdfWPnNtOa3gn7sY=",
      "dev": true
    },
    "serialize-javascript": {
      "version": "4.0.0",
      "resolved": "http://npm.ztosys.com/serialize-javascript/-/serialize-javascript-4.0.0.tgz",
      "integrity": "sha1-tSXhI4SJpez8Qq+sw/6Z5mb0sao=",
      "dev": true,
      "requires": {
        "randombytes": "^2.1.0"
      }
    },
    "source-map": {
      "version": "0.6.1",
      "resolved": "http://npm.ztosys.com/source-map/-/source-map-0.6.1.tgz",
      "integrity": "sha512-UjgapumWlbMhkBgzT7Ykc5YXUT46F0iKu8SGXq0bcwP5dz/h0Plj6enJqjz1Zbq2l5WaqYnrVbwWOWMyF3F47g==",
      "dev": true
    },
    "source-map-support": {
      "version": "0.5.21",
      "resolved": "http://npm.ztosys.com/source-map-support/-/source-map-support-0.5.21.tgz",
      "integrity": "sha1-BP58f54e0tZiIzwoyys1ufY/bk8=",
      "dev": true,
      "requires": {
        "buffer-from": "^1.0.0",
        "source-map": "^0.6.0"
      }
    },
    "supports-color": {
      "version": "5.5.0",
      "resolved": "http://npm.ztosys.com/supports-color/-/supports-color-5.5.0.tgz",
      "integrity": "sha512-QjVjwdXIt408MIiAqCX4oUKsgU2EqAGzs2Ppkm4aQYbjm+ZEWEcW4SfFNTr4uMNZma0ey4f5lgLrkB0aX0QMow==",
      "dev": true,
      "requires": {
        "has-flag": "^3.0.0"
      }
    },
    "terser": {
      "version": "5.16.5",
      "resolved": "http://npm.ztosys.com/terser/-/terser-5.16.5.tgz",
      "integrity": "sha512-qcwfg4+RZa3YvlFh0qjifnzBHjKGNbtDo9yivMqMFDy9Q6FSaQWSB/j1xKhsoUFJIqDOM3TsN6D5xbrMrFcHbg==",
      "dev": true,
      "requires": {
        "@jridgewell/source-map": "^0.3.2",
        "acorn": "^8.5.0",
        "commander": "^2.20.0",
        "source-map-support": "~0.5.20"
      }
    }
  }
}
